{
  "lockfile_version": "1",
  "packages": {
    "asciinema-agg@latest": {
      "last_modified": "2026-08-01T16:34:20Z",
      "resolved": "github:NixOS/nixpkgs/a5cbcfe954791221bfffe2307f7d1a1bf61a871e#asciinema-agg",
      "source": "devbox-search",
      "version": "1.9.0",
      "systems": {
        "aarch64-darwin": {
          "outputs": [
            {
              "name": "out",
              "path": "/nix/store/5pj8hgxs3bb0gkf686xlk185r1f599vq-agg-1.9.0",
              "default": true
            }
          ],
          "store_path": "/nix/store/5pj8hgxs3bb0gkf686xlk185r1f599vq-agg-1.9.0"
        },
        "aarch64-linux": {
          "outputs": [
            {
              "name": "out",
              "path": "/nix/store/58zwz2p10jhmg2jjsp3qi3rw3iqgazx0-agg-1.9.0",
              "default": true
            }
          ],
          "store_path": "/nix/store/58zwz2p10jhmg2jjsp3qi3rw3iqgazx0-agg-1.9.0"
        },
        "x86_64-darwin": {
          "outputs": [
            {
              "name": "out",
              "path": "/nix/store/2y06sschld6v74q2m6x1rywnx7v65y26-agg-1.9.0",
              "default": true
            }
          ],
          "store_path": "/nix/store/2y06sschld6v74q2m6x1rywnx7v65y26-agg-1.9.0"
        },
        "x86_64-linux": {
          "outputs": [
            {
              "name": "out",
              "path": "/nix/store/7divipx4i04dld1kwp8bjfww2i1pmq6i-agg-1.9.0",
              "default": true
            }
          ],
          "store_path": "/nix/store/7divipx4i04dld1kwp8bjfww2i1pmq6i-agg-1.9.0"
        }
      }
    },
    "asciinema@latest": {
      "last_modified": "2026-08-01T16:34:20Z",
      "resolved": "github:NixOS/nixpkgs/a5cbcfe954791221bfffe2307f7d1a1bf61a871e#asciinema",
      "source": "devbox-search",
      "version": "3.2.1",
      "systems": {
        "aarch64-darwin": {
          "outputs": [
            {
              "name": "out",
              "path": "/nix/store/m1qn38899y6k06yq413jgifdw4qglfrv-asciinema-3.2.1",
              "default": true
            }
          ],
          "store_path": "/nix/store/m1qn38899y6k06yq413jgifdw4qglfrv-asciinema-3.2.1"
        },
        "aarch64-linux": {
          "outputs": [
            {
              "name": "out",
              "path": "/nix/store/89b01i19yxrj1vfssxybzb2wmkhy7zv8-asciinema-3.2.1",
              "default": true
            }
          ],
          "store_path": "/nix/store/89b01i19yxrj1vfssxybzb2wmkhy7zv8-asciinema-3.2.1"
        },
        "x86_64-darwin": {
          "outputs": [
            {
              "name": "out",
              "path": "/nix/store/dm5ykwi5qlimwjsacby2b1x470da221i-asciinema-3.2.1",
              "default": true
            }
          ],
          "store_path": "/nix/store/dm5ykwi5qlimwjsacby2b1x470da221i-asciinema-3.2.1"
        },
        "x86_64-linux": {
          "outputs": [
            {
              "name": "out",
              "path": "/nix/store/4l005md9v2x0j34ch4v7acc8jk90i99b-asciinema-3.2.1",
              "default": true
            }
          ],
          "store_path": "/nix/store/4l005md9v2x0j34ch4v7acc8jk90i99b-asciinema-3.2.1"
        }
      }
    },
    "ffmpeg-full@latest": {
      "last_modified": "2026-08-10T07:49:06Z",
      "resolved": "github:NixOS/nixpkgs/d482ef84049d9b7276b83a06e4e4d76983830097#ffmpeg-full",
      "source": "devbox-search",
      "version": "8.1.2",
      "systems": {
        "aarch64-darwin": {
          "outputs": [
            {
              "name": "bin",
              "path": "/nix/store/pnzbhl6np2wagjydg7im2vf2hw3k8c31-ffmpeg-full-8.1.2-bin",
              "default": true
            },
            {
              "name": "man",
              "path": "/nix/store/lvfy23zc56f0cdzkgrh7zmk6vp3mhnsg-ffmpeg-full-8.1.2-man",
              "default": true
            },
            {
              "name": "data",
              "path": "/nix/store/za5fl8b7im464v8sbdy3i3fwhqvwr71g-ffmpeg-full-8.1.2-data"
            },
            {
              "name": "dev",
              "path": "/nix/store/6nipp99r8l6aqk7504sdrmfzb5s9fdh3-ffmpeg-full-8.1.2-dev"
            },
            {
              "name": "doc",
              "path": "/nix/store/zlsb782vzriramcm4phgfp2p4w1ppqav-ffmpeg-full-8.1.2-doc"
            },
            {
              "name": "lib",
              "path": "/nix/store/rblray1sh60lqgzpzzapmscc7zikmwl9-ffmpeg-full-8.1.2-lib"
            },
            {
              "name": "out",
              "path": "/nix/store/v33xcrs79m1fv94m61rjmjhgvsznx2z9-ffmpeg-full-8.1.2"
            }
          ],
          "store_path": "/nix/store/pnzbhl6np2wagjydg7im2vf2hw3k8c31-ffmpeg-full-8.1.2-bin"
        },
        "aarch64-linux": {
          "outputs": [
            {
              "name": "bin",
              "path": "/nix/store/fj0zgvi987gyvh5vnqfnvpb50mfd7qc9-ffmpeg-full-8.1.2-bin",
              "default": true
            },
            {
              "name": "man",
              "path": "/nix/store/c6ss7r3y04iysaivssfdniia873az97w-ffmpeg-full-8.1.2-man",
              "default": true
            },
            {
              "name": "lib",
              "path": "/nix/store/413q6krh1zdr7j6i9jdlp1v8cym7djak-ffmpeg-full-8.1.2-lib"
            },
            {
              "name": "out",
              "path": "/nix/store/m0ixxb5hrhzhpah2lcpiy7hp7c76l4gz-ffmpeg-full-8.1.2"
            },
            {
              "name": "data",
              "path": "/nix/store/n80cxhrlkmb00c8dwyx6hpr8zz65k9d2-ffmpeg-full-8.1.2-data"
            },
            {
              "name": "dev",
              "path": "/nix/store/qhqxk9ij9ig04lca48aljihxyvmsjcy1-ffmpeg-full-8.1.2-dev"
            },
            {
              "name": "doc",
              "path": "/nix/store/r426bgm7hss9j90a1f5nnnxl8lkbnjgg-ffmpeg-full-8.1.2-doc"
            }
          ],
          "store_path": "/nix/store/fj0zgvi987gyvh5vnqfnvpb50mfd7qc9-ffmpeg-full-8.1.2-bin"
        },
        "x86_64-linux": {
          "outputs": [
            {
              "name": "bin",
              "path": "/nix/store/00b8h544v86q9gljsdaca3dwqa01imlv-ffmpeg-full-8.1.2-bin",
              "default": true
            },
            {
              "name": "man",
              "path": "/nix/store/4l2qqx782ggc2bg56wn58rhy99k4wpap-ffmpeg-full-8.1.2-man",
              "default": true
            },
            {
              "name": "out",
              "path": "/nix/store/3dfi7k0crvrgydf6pf5sfmwpnzakmj77-ffmpeg-full-8.1.2"
            },
            {
              "name": "data",
              "path": "/nix/store/hij7n47jm4xjaxqycln7pjmi338zgpgj-ffmpeg-full-8.1.2-data"
            },
            {
              "name": "dev",
              "path": "/nix/store/gn89gkvpnlqijnfbz88549cr3r93psjh-ffmpeg-full-8.1.2-dev"
            },
            {
              "name": "doc",
              "path": "/nix/store/y0a4z56af0jq1dyqqklqikfnk92ln7b3-ffmpeg-full-8.1.2-doc"
            },
            {
              "name": "lib",
              "path": "/nix/store/xwmwp94ih4g398adszag8sarxfq66i61-ffmpeg-full-8.1.2-lib"
            }
          ],
          "store_path": "/nix/store/00b8h544v86q9gljsdaca3dwqa01imlv-ffmpeg-full-8.1.2-bin"
        }
      }
    },
    "gifski@latest": {
      "last_modified": "2026-08-01T16:34:20Z",
      "resolved": "github:NixOS/nixpkgs/a5cbcfe954791221bfffe2307f7d1a1bf61a871e#gifski",
      "source": "devbox-search",
      "version": "1.34.0",
      "systems": {
        "aarch64-darwin": {
          "outputs": [
            {
              "name": "out",
              "path": "/nix/store/v7yfz2v3f7wq0k8la5swczrx2njyrylr-gifski-1.34.0",
              "default": true
            }
          ],
          "store_path": "/nix/store/v7yfz2v3f7wq0k8la5swczrx2njyrylr-gifski-1.34.0"
        },
        "aarch64-linux": {
          "outputs": [
            {
              "name": "out",
              "path": "/nix/store/za9f7905v9ggb3c7fa1y9lj66w2fzzf8-gifski-1.34.0",
              "default": true
            }
          ],
          "store_path": "/nix/store/za9f7905v9ggb3c7fa1y9lj66w2fzzf8-gifski-1.34.0"
        },
        "x86_64-darwin": {
          "outputs": [
            {
              "name": "out",
              "path": "/nix/store/2c3frqcfpdlngnymcvp3snb65a7w2rkq-gifski-1.34.0",
              "default": true
            }
          ],
          "store_path": "/nix/store/2c3frqcfpdlngnymcvp3snb65a7w2rkq-gifski-1.34.0"
        },
        "x86_64-linux": {
          "outputs": [
            {
              "name": "out",
              "path": "/nix/store/hi8b3bwyifv9gml7am61ib6z9j9vs93n-gifski-1.34.0",
              "default": true
            }
          ],
          "store_path": "/nix/store/hi8b3bwyifv9gml7am61ib6z9j9vs93n-gifski-1.34.0"
        }
      }
    },
    "github:NixOS/nixpkgs/nixpkgs-unstable": {
      "resolved": "github:NixOS/nixpkgs/f165e44f135784a494bca3d4ab4834c139f0b37d?lastModified=1787022431&narHash=sha256-Kly49ipfBSEIKPFcKUUjlL6yzNAnFetwKAehc9P1h4I%3D"
    }
  }
}
